
Microsoft Visual Studio Solution File, Format Version 12.00
# Visual Studio 15
VisualStudioVersion = 15.0.27130.2026
MinimumVisualStudioVersion = 10.0.40219.1
Project("{FAE04EC0-301F-11D3-BF4B-00C04F79EFBC}") = "QuickSort", "QuickSort\QuickSort.csproj", "{A82B18C7-0EB6-4A3A-83A5-70FBA3216F41}"
EndProject
Global
	GlobalSection(SolutionConfigurationPlatforms) = preSolution
		Debug|Any CPU = Debug|Any CPU
		Release|Any CPU = Release|Any CPU
	EndGlobalSection
	GlobalSection(ProjectConfigurationPlatforms) = postSolution
		{A82B18C7-0EB6-4A3A-83A5-70FBA3216F41}.Debug|Any CPU.ActiveCfg = Debug|Any CPU
		{A82B18C7-0EB6-4A3A-83A5-70FBA3216F41}.Debug|Any CPU.Build.0 = Debug|Any CPU
		{A82B18C7-0EB6-4A3A-83A5-70FBA3216F41}.Release|Any CPU.ActiveCfg = Release|Any CPU
		{A82B18C7-0EB6-4A3A-83A5-70FBA3216F41}.Release|Any CPU.Build.0 = Release|Any CPU
	EndGlobalSection
	GlobalSection(SolutionProperties) = preSolution
		HideSolutionNode = FALSE
	EndGlobalSection
	GlobalSection(ExtensibilityGlobals) = postSolution
		SolutionGuid = {7AB4E615-3DF1-4235-B953-1CCE086AE182}
	EndGlobalSection
EndGlobal
