
Microsoft Visual Studio Solution File, Format Version 12.00
# Visual Studio 15
VisualStudioVersion = 15.0.27130.2026
MinimumVisualStudioVersion = 10.0.40219.1
Project("{FAE04EC0-301F-11D3-BF4B-00C04F79EFBC}") = "Problema9", "Problema9\Problema9.csproj", "{D75C1D2F-3A24-4B9D-9774-F3DEDB4E8C7F}"
EndProject
Global
	GlobalSection(SolutionConfigurationPlatforms) = preSolution
		Debug|Any CPU = Debug|Any CPU
		Release|Any CPU = Release|Any CPU
	EndGlobalSection
	GlobalSection(ProjectConfigurationPlatforms) = postSolution
		{D75C1D2F-3A24-4B9D-9774-F3DEDB4E8C7F}.Debug|Any CPU.ActiveCfg = Debug|Any CPU
		{D75C1D2F-3A24-4B9D-9774-F3DEDB4E8C7F}.Debug|Any CPU.Build.0 = Debug|Any CPU
		{D75C1D2F-3A24-4B9D-9774-F3DEDB4E8C7F}.Release|Any CPU.ActiveCfg = Release|Any CPU
		{D75C1D2F-3A24-4B9D-9774-F3DEDB4E8C7F}.Release|Any CPU.Build.0 = Release|Any CPU
	EndGlobalSection
	GlobalSection(SolutionProperties) = preSolution
		HideSolutionNode = FALSE
	EndGlobalSection
	GlobalSection(ExtensibilityGlobals) = postSolution
		SolutionGuid = {9ECDD1D5-46ED-4F81-ABC1-505E95A41EC2}
	EndGlobalSection
EndGlobal
