
Microsoft Visual Studio Solution File, Format Version 12.00
# Visual Studio 15
VisualStudioVersion = 15.0.27130.2026
MinimumVisualStudioVersion = 10.0.40219.1
Project("{FAE04EC0-301F-11D3-BF4B-00C04F79EFBC}") = "PE._TorresHanoi_JimenezRamirez", "PE._TorresHanoi_JimenezRamirez\PE._TorresHanoi_JimenezRamirez.csproj", "{308AD809-3B5C-4483-AA4D-ADDB6FE6EF41}"
EndProject
Global
	GlobalSection(SolutionConfigurationPlatforms) = preSolution
		Debug|Any CPU = Debug|Any CPU
		Release|Any CPU = Release|Any CPU
	EndGlobalSection
	GlobalSection(ProjectConfigurationPlatforms) = postSolution
		{308AD809-3B5C-4483-AA4D-ADDB6FE6EF41}.Debug|Any CPU.ActiveCfg = Debug|Any CPU
		{308AD809-3B5C-4483-AA4D-ADDB6FE6EF41}.Debug|Any CPU.Build.0 = Debug|Any CPU
		{308AD809-3B5C-4483-AA4D-ADDB6FE6EF41}.Release|Any CPU.ActiveCfg = Release|Any CPU
		{308AD809-3B5C-4483-AA4D-ADDB6FE6EF41}.Release|Any CPU.Build.0 = Release|Any CPU
	EndGlobalSection
	GlobalSection(SolutionProperties) = preSolution
		HideSolutionNode = FALSE
	EndGlobalSection
	GlobalSection(ExtensibilityGlobals) = postSolution
		SolutionGuid = {4BE9E0ED-622A-461F-B5AF-FC5E4695964D}
	EndGlobalSection
EndGlobal
