
Microsoft Visual Studio Solution File, Format Version 12.00
# Visual Studio 15
VisualStudioVersion = 15.0.28010.2016
MinimumVisualStudioVersion = 10.0.40219.1
Project("{FAE04EC0-301F-11D3-BF4B-00C04F79EFBC}") = "Tarea2.1.-JimenezRamirezJulioFabian", "Tarea2.1.-JimenezRamirezJulioFabian\Tarea2.1.-JimenezRamirezJulioFabian.csproj", "{EA382E30-2A37-4A46-B3C3-2F3C11766051}"
EndProject
Global
	GlobalSection(SolutionConfigurationPlatforms) = preSolution
		Debug|Any CPU = Debug|Any CPU
		Release|Any CPU = Release|Any CPU
	EndGlobalSection
	GlobalSection(ProjectConfigurationPlatforms) = postSolution
		{EA382E30-2A37-4A46-B3C3-2F3C11766051}.Debug|Any CPU.ActiveCfg = Debug|Any CPU
		{EA382E30-2A37-4A46-B3C3-2F3C11766051}.Debug|Any CPU.Build.0 = Debug|Any CPU
		{EA382E30-2A37-4A46-B3C3-2F3C11766051}.Release|Any CPU.ActiveCfg = Release|Any CPU
		{EA382E30-2A37-4A46-B3C3-2F3C11766051}.Release|Any CPU.Build.0 = Release|Any CPU
	EndGlobalSection
	GlobalSection(SolutionProperties) = preSolution
		HideSolutionNode = FALSE
	EndGlobalSection
	GlobalSection(ExtensibilityGlobals) = postSolution
		SolutionGuid = {EC115C28-3759-4B6D-9A38-F5081FAE49AE}
	EndGlobalSection
EndGlobal
