
Microsoft Visual Studio Solution File, Format Version 12.00
# Visual Studio 15
VisualStudioVersion = 15.0.27130.2026
MinimumVisualStudioVersion = 10.0.40219.1
Project("{FAE04EC0-301F-11D3-BF4B-00C04F79EFBC}") = "Problema3", "Problema3\Problema3.csproj", "{B20A5E08-D0FE-4EB0-9627-38F9D0FDF027}"
EndProject
Global
	GlobalSection(SolutionConfigurationPlatforms) = preSolution
		Debug|Any CPU = Debug|Any CPU
		Release|Any CPU = Release|Any CPU
	EndGlobalSection
	GlobalSection(ProjectConfigurationPlatforms) = postSolution
		{B20A5E08-D0FE-4EB0-9627-38F9D0FDF027}.Debug|Any CPU.ActiveCfg = Debug|Any CPU
		{B20A5E08-D0FE-4EB0-9627-38F9D0FDF027}.Debug|Any CPU.Build.0 = Debug|Any CPU
		{B20A5E08-D0FE-4EB0-9627-38F9D0FDF027}.Release|Any CPU.ActiveCfg = Release|Any CPU
		{B20A5E08-D0FE-4EB0-9627-38F9D0FDF027}.Release|Any CPU.Build.0 = Release|Any CPU
	EndGlobalSection
	GlobalSection(SolutionProperties) = preSolution
		HideSolutionNode = FALSE
	EndGlobalSection
	GlobalSection(ExtensibilityGlobals) = postSolution
		SolutionGuid = {F109EF39-3D1E-449F-8532-328152DF0DB5}
	EndGlobalSection
EndGlobal
