
Microsoft Visual Studio Solution File, Format Version 12.00
# Visual Studio 15
VisualStudioVersion = 15.0.27130.2026
MinimumVisualStudioVersion = 10.0.40219.1
Project("{FAE04EC0-301F-11D3-BF4B-00C04F79EFBC}") = "Ex3.-JimenezRamirezJulioFabian", "Ex3.-JimenezRamirezJulioFabian\Ex3.-JimenezRamirezJulioFabian.csproj", "{9DE7B581-364C-43FB-815A-A39CAF8E246E}"
EndProject
Global
	GlobalSection(SolutionConfigurationPlatforms) = preSolution
		Debug|Any CPU = Debug|Any CPU
		Release|Any CPU = Release|Any CPU
	EndGlobalSection
	GlobalSection(ProjectConfigurationPlatforms) = postSolution
		{9DE7B581-364C-43FB-815A-A39CAF8E246E}.Debug|Any CPU.ActiveCfg = Debug|Any CPU
		{9DE7B581-364C-43FB-815A-A39CAF8E246E}.Debug|Any CPU.Build.0 = Debug|Any CPU
		{9DE7B581-364C-43FB-815A-A39CAF8E246E}.Release|Any CPU.ActiveCfg = Release|Any CPU
		{9DE7B581-364C-43FB-815A-A39CAF8E246E}.Release|Any CPU.Build.0 = Release|Any CPU
	EndGlobalSection
	GlobalSection(SolutionProperties) = preSolution
		HideSolutionNode = FALSE
	EndGlobalSection
	GlobalSection(ExtensibilityGlobals) = postSolution
		SolutionGuid = {DAA1D23A-9181-4049-B191-C3056C5DF7E5}
	EndGlobalSection
EndGlobal
