
Microsoft Visual Studio Solution File, Format Version 12.00
# Visual Studio 15
VisualStudioVersion = 15.0.27130.2026
MinimumVisualStudioVersion = 10.0.40219.1
Project("{FAE04EC0-301F-11D3-BF4B-00C04F79EFBC}") = "Bubble sort", "Bubble sort\Bubble sort.csproj", "{A6F28D56-A482-4116-B92F-635583CB5047}"
EndProject
Global
	GlobalSection(SolutionConfigurationPlatforms) = preSolution
		Debug|Any CPU = Debug|Any CPU
		Release|Any CPU = Release|Any CPU
	EndGlobalSection
	GlobalSection(ProjectConfigurationPlatforms) = postSolution
		{A6F28D56-A482-4116-B92F-635583CB5047}.Debug|Any CPU.ActiveCfg = Debug|Any CPU
		{A6F28D56-A482-4116-B92F-635583CB5047}.Debug|Any CPU.Build.0 = Debug|Any CPU
		{A6F28D56-A482-4116-B92F-635583CB5047}.Release|Any CPU.ActiveCfg = Release|Any CPU
		{A6F28D56-A482-4116-B92F-635583CB5047}.Release|Any CPU.Build.0 = Release|Any CPU
	EndGlobalSection
	GlobalSection(SolutionProperties) = preSolution
		HideSolutionNode = FALSE
	EndGlobalSection
	GlobalSection(ExtensibilityGlobals) = postSolution
		SolutionGuid = {8586399A-30A8-49D8-A6B7-8AE5D15F16D6}
	EndGlobalSection
EndGlobal
