
Microsoft Visual Studio Solution File, Format Version 12.00
# Visual Studio 15
VisualStudioVersion = 15.0.27130.2026
MinimumVisualStudioVersion = 10.0.40219.1
Project("{FAE04EC0-301F-11D3-BF4B-00C04F79EFBC}") = "PE._ToDoList", "PE._ToDoList\PE._ToDoList.csproj", "{96701A46-20EF-4BE6-A55F-1F77C8CBC0DD}"
EndProject
Global
	GlobalSection(SolutionConfigurationPlatforms) = preSolution
		Debug|Any CPU = Debug|Any CPU
		Release|Any CPU = Release|Any CPU
	EndGlobalSection
	GlobalSection(ProjectConfigurationPlatforms) = postSolution
		{96701A46-20EF-4BE6-A55F-1F77C8CBC0DD}.Debug|Any CPU.ActiveCfg = Debug|Any CPU
		{96701A46-20EF-4BE6-A55F-1F77C8CBC0DD}.Debug|Any CPU.Build.0 = Debug|Any CPU
		{96701A46-20EF-4BE6-A55F-1F77C8CBC0DD}.Release|Any CPU.ActiveCfg = Release|Any CPU
		{96701A46-20EF-4BE6-A55F-1F77C8CBC0DD}.Release|Any CPU.Build.0 = Release|Any CPU
	EndGlobalSection
	GlobalSection(SolutionProperties) = preSolution
		HideSolutionNode = FALSE
	EndGlobalSection
	GlobalSection(ExtensibilityGlobals) = postSolution
		SolutionGuid = {98021D06-58AF-4401-8355-60E6084F68AF}
	EndGlobalSection
EndGlobal
