
Microsoft Visual Studio Solution File, Format Version 12.00
# Visual Studio 15
VisualStudioVersion = 15.0.28010.2016
MinimumVisualStudioVersion = 10.0.40219.1
Project("{FAE04EC0-301F-11D3-BF4B-00C04F79EFBC}") = "Busqueda BinarioEj2", "Busqueda BinarioEj2\Busqueda BinarioEj2.csproj", "{C63439B7-C261-4EC8-9354-54C54F05DAB6}"
EndProject
Global
	GlobalSection(SolutionConfigurationPlatforms) = preSolution
		Debug|Any CPU = Debug|Any CPU
		Release|Any CPU = Release|Any CPU
	EndGlobalSection
	GlobalSection(ProjectConfigurationPlatforms) = postSolution
		{C63439B7-C261-4EC8-9354-54C54F05DAB6}.Debug|Any CPU.ActiveCfg = Debug|Any CPU
		{C63439B7-C261-4EC8-9354-54C54F05DAB6}.Debug|Any CPU.Build.0 = Debug|Any CPU
		{C63439B7-C261-4EC8-9354-54C54F05DAB6}.Release|Any CPU.ActiveCfg = Release|Any CPU
		{C63439B7-C261-4EC8-9354-54C54F05DAB6}.Release|Any CPU.Build.0 = Release|Any CPU
	EndGlobalSection
	GlobalSection(SolutionProperties) = preSolution
		HideSolutionNode = FALSE
	EndGlobalSection
	GlobalSection(ExtensibilityGlobals) = postSolution
		SolutionGuid = {9B0E406F-ABE6-445F-BA7C-8602CF83946C}
	EndGlobalSection
EndGlobal
